# THIS IS AN AUTOGENERATED FILE. DO NOT EDIT THIS FILE DIRECTLY.
# yarn lockfile v1


"@orbs-network/ton-access@^2.3.3":
  version "2.3.3"
  resolved "https://registry.npmjs.org/@orbs-network/ton-access/-/ton-access-2.3.3.tgz"
  integrity sha512-b1miCPts7wBG9JKYgzXIRZQm/LMy5Uk1mNK8NzlcXHL3HRHJkkFbuYJGuj3IkWCiIicW3Ipp4sYnn3Fwo4oB0g==
  dependencies:
    isomorphic-fetch "^3.0.0"

"@swc/core-darwin-arm64@1.10.1":
  version "1.10.1"
  resolved "https://registry.npmjs.org/@swc/core-darwin-arm64/-/core-darwin-arm64-1.10.1.tgz"
  integrity sha512-NyELPp8EsVZtxH/mEqvzSyWpfPJ1lugpTQcSlMduZLj1EASLO4sC8wt8hmL1aizRlsbjCX+r0PyL+l0xQ64/6Q==

"@swc/core@^1.5.25":
  version "1.10.1"
  resolved "https://registry.npmjs.org/@swc/core/-/core-1.10.1.tgz"
  integrity sha512-rQ4dS6GAdmtzKiCRt3LFVxl37FaY1cgL9kSUTnhQ2xc3fmHOd7jdJK/V4pSZMG1ruGTd0bsi34O2R0Olg9Zo/w==
  dependencies:
    "@swc/counter" "^0.1.3"
    "@swc/types" "^0.1.17"
  optionalDependencies:
    "@swc/core-darwin-arm64" "1.10.1"
    "@swc/core-darwin-x64" "1.10.1"
    "@swc/core-linux-arm-gnueabihf" "1.10.1"
    "@swc/core-linux-arm64-gnu" "1.10.1"
    "@swc/core-linux-arm64-musl" "1.10.1"
    "@swc/core-linux-x64-gnu" "1.10.1"
    "@swc/core-linux-x64-musl" "1.10.1"
    "@swc/core-win32-arm64-msvc" "1.10.1"
    "@swc/core-win32-ia32-msvc" "1.10.1"
    "@swc/core-win32-x64-msvc" "1.10.1"

"@swc/counter@^0.1.3":
  version "0.1.3"
  resolved "https://registry.npmjs.org/@swc/counter/-/counter-0.1.3.tgz"
  integrity sha512-e2BR4lsJkkRlKZ/qCHPw9ZaSxc0MVUd7gtbtaB7aMvHeJVYe8sOB8DBZkP2DtISHGSku9sCK6T6cnY0CtXrOCQ==

"@swc/types@^0.1.17":
  version "0.1.17"
  resolved "https://registry.npmjs.org/@swc/types/-/types-0.1.17.tgz"
  integrity sha512-V5gRru+aD8YVyCOMAjMpWR1Ui577DD5KSJsHP8RAxopAH22jFz6GZd/qxqjO6MJHQhcsjvjOFXyDhyLQUnMveQ==
  dependencies:
    "@swc/counter" "^0.1.3"

"@ton/core@^0.59.0", "@ton/core@>=0.59.0":
  version "0.59.1"
  resolved "https://registry.npmjs.org/@ton/core/-/core-0.59.1.tgz"
  integrity sha512-SxFBAvutYJaIllTkv82vbHTJhJI6NxzqUhi499CDEjJEZ9i6i9lHJiK2df4dlLAb/4SiWX6+QUzESkK4DEdnCw==
  dependencies:
    symbol.inspect "1.0.1"

"@ton/crypto-primitives@2.1.0":
  version "2.1.0"
  resolved "https://registry.npmjs.org/@ton/crypto-primitives/-/crypto-primitives-2.1.0.tgz"
  integrity sha512-PQesoyPgqyI6vzYtCXw4/ZzevePc4VGcJtFwf08v10OevVJHVfW238KBdpj1kEDQkxWLeuNHEpTECNFKnP6tow==
  dependencies:
    jssha "3.2.0"

"@ton/crypto@^3.3.0", "@ton/crypto@>=3.2.0":
  version "3.3.0"
  resolved "https://registry.npmjs.org/@ton/crypto/-/crypto-3.3.0.tgz"
  integrity sha512-/A6CYGgA/H36OZ9BbTaGerKtzWp50rg67ZCH2oIjV1NcrBaCK9Z343M+CxedvM7Haf3f/Ee9EhxyeTp0GKMUpA==
  dependencies:
    "@ton/crypto-primitives" "2.1.0"
    jssha "3.2.0"
    tweetnacl "1.0.3"

"@ton/ton@^15.1.0":
  version "15.1.0"
  resolved "https://registry.npmjs.org/@ton/ton/-/ton-15.1.0.tgz"
  integrity sha512-almetcfTu7jLjcNcEEPB7wAc8yl90ES1M//sOr1QE+kv7RbmEvMkaPSc7kFxzs10qrjIPKxlodBJlMSWP5LuVQ==
  dependencies:
    axios "^1.6.7"
    dataloader "^2.0.0"
    symbol.inspect "1.0.1"
    teslabot "^1.3.0"
    zod "^3.21.4"

"@toncodex/sdk@1.0.40-mainnet":
  version "1.0.40-mainnet"
  resolved "https://registry.npmjs.org/@toncodex/sdk/-/sdk-1.0.40-mainnet.tgz"
  integrity sha512-nS5m3pZzzCirkvV2y6R3akOx989qRKJHO/uqu0G3539EyuJN05+J3ZKdf8sVn94od3T5e6rRE5v6L7RiZi3sXw==
  dependencies:
    "@ton/core" "^0.59.0"
    "@ton/crypto" "^3.3.0"
    "@ton/ton" "^15.1.0"
    big.js "^6.2.1"
    crc "^4.3.2"
    decimal.js-light "^2.5.1"
    jsbi "^3.2.5"
    numeral "^2.0.6"
    tiny-invariant "^1.3.1"
    tiny-warning "^1.0.3"
    toformat "^2.0.0"
    tonapi-sdk-js "^1.0.11"

asynckit@^0.4.0:
  version "0.4.0"
  resolved "https://registry.npmjs.org/asynckit/-/asynckit-0.4.0.tgz"
  integrity sha512-Oei9OH4tRh0YqU3GxhX79dM/mwVgvbZJaSNaRk+bshkj0S5cfHcgYakreBjrHwatXKbz+IoIdYLxrKim2MjW0Q==

axios@^1.6.7:
  version "1.7.9"
  resolved "https://registry.npmjs.org/axios/-/axios-1.7.9.tgz"
  integrity sha512-LhLcE7Hbiryz8oMDdDptSrWowmB4Bl6RCt6sIJKpRB4XtVf0iEgewX3au/pJqm+Py1kCASkb/FFKjxQaLtxJvw==
  dependencies:
    follow-redirects "^1.15.6"
    form-data "^4.0.0"
    proxy-from-env "^1.1.0"

big.js@^6.2.1:
  version "6.2.2"
  resolved "https://registry.npmjs.org/big.js/-/big.js-6.2.2.tgz"
  integrity sha512-y/ie+Faknx7sZA5MfGA2xKlu0GDv8RWrXGsmlteyJQ2lvoKv9GBK/fpRMc2qlSoBAgNxrixICFCBefIq8WCQpQ==

bignumber.js@^9.1.2:
  version "9.1.2"
  resolved "https://registry.npmjs.org/bignumber.js/-/bignumber.js-9.1.2.tgz"
  integrity sha512-2/mKyZH9K85bzOEfhXDBFZTGd1CTs+5IHpeFQo9luiBG7hghdC851Pj2WAhb6E3R6b9tZj/XKhbg4fum+Kepug==

combined-stream@^1.0.8:
  version "1.0.8"
  resolved "https://registry.npmjs.org/combined-stream/-/combined-stream-1.0.8.tgz"
  integrity sha512-FQN4MRfuJeHf7cBbBMJFXhKSDq+2kAArBlmRBvcvFE5BB1HZKXtSFASDhdlz9zOYwxh8lDdnvmMOe/+5cdoEdg==
  dependencies:
    delayed-stream "~1.0.0"

crc@^4.3.2:
  version "4.3.2"
  resolved "https://registry.npmjs.org/crc/-/crc-4.3.2.tgz"
  integrity sha512-uGDHf4KLLh2zsHa8D8hIQ1H/HtFQhyHrc0uhHBcoKGol/Xnb+MPYfUMw7cvON6ze/GUESTudKayDcJC5HnJv1A==

dataloader@^2.0.0:
  version "2.2.3"
  resolved "https://registry.npmjs.org/dataloader/-/dataloader-2.2.3.tgz"
  integrity sha512-y2krtASINtPFS1rSDjacrFgn1dcUuoREVabwlOGOe4SdxenREqwjwjElAdwvbGM7kgZz9a3KVicWR7vcz8rnzA==

decimal.js-light@^2.5.1:
  version "2.5.1"
  resolved "https://registry.npmjs.org/decimal.js-light/-/decimal.js-light-2.5.1.tgz"
  integrity sha512-qIMFpTMZmny+MMIitAB6D7iVPEorVw6YQRWkvarTkT4tBeSLLiHzcwj6q0MmYSFCiVpiqPJTJEYIrpcPzVEIvg==

delayed-stream@~1.0.0:
  version "1.0.0"
  resolved "https://registry.npmjs.org/delayed-stream/-/delayed-stream-1.0.0.tgz"
  integrity sha512-ZySD7Nf91aLB0RxL4KGrKHBXl7Eds1DAmEdcoVawXnLD7SDhpNgtuII2aAkg7a7QS41jxPSZ17p4VdGnMHk3MQ==

follow-redirects@^1.15.6:
  version "1.15.9"
  resolved "https://registry.npmjs.org/follow-redirects/-/follow-redirects-1.15.9.tgz"
  integrity sha512-gew4GsXizNgdoRyqmyfMHyAmXsZDk6mHkSxZFCzW9gwlbtOW44CDtYavM+y+72qD/Vq2l550kMF52DT8fOLJqQ==

form-data@^4.0.0:
  version "4.0.1"
  resolved "https://registry.npmjs.org/form-data/-/form-data-4.0.1.tgz"
  integrity sha512-tzN8e4TX8+kkxGPK8D5u0FNmjPUjw3lwC9lSLxxoB/+GtsJG91CO8bSWy73APlgAZzZbXEYZJuxjkHH2w+Ezhw==
  dependencies:
    asynckit "^0.4.0"
    combined-stream "^1.0.8"
    mime-types "^2.1.12"

isomorphic-fetch@^3.0.0:
  version "3.0.0"
  resolved "https://registry.npmjs.org/isomorphic-fetch/-/isomorphic-fetch-3.0.0.tgz"
  integrity sha512-qvUtwJ3j6qwsF3jLxkZ72qCgjMysPzDfeV240JHiGZsANBYd+EEuu35v7dfrJ9Up0Ak07D7GGSkGhCHTqg/5wA==
  dependencies:
    node-fetch "^2.6.1"
    whatwg-fetch "^3.4.1"

jsbi@^3.2.5:
  version "3.2.5"
  resolved "https://registry.npmjs.org/jsbi/-/jsbi-3.2.5.tgz"
  integrity sha512-aBE4n43IPvjaddScbvWRA2YlTzKEynHzu7MqOyTipdHucf/VxS63ViCjxYRg86M8Rxwbt/GfzHl1kKERkt45fQ==

jssha@3.2.0:
  version "3.2.0"
  resolved "https://registry.npmjs.org/jssha/-/jssha-3.2.0.tgz"
  integrity sha512-QuruyBENDWdN4tZwJbQq7/eAK85FqrI4oDbXjy5IBhYD+2pTJyBUWZe8ctWaCkrV0gy6AaelgOZZBMeswEa/6Q==

mime-db@1.52.0:
  version "1.52.0"
  resolved "https://registry.npmjs.org/mime-db/-/mime-db-1.52.0.tgz"
  integrity sha512-sPU4uV7dYlvtWJxwwxHD0PuihVNiE7TyAbQ5SWxDCB9mUYvOgroQOwYQQOKPJ8CIbE+1ETVlOoK1UC2nU3gYvg==

mime-types@^2.1.12:
  version "2.1.35"
  resolved "https://registry.npmjs.org/mime-types/-/mime-types-2.1.35.tgz"
  integrity sha512-ZDY+bPm5zTTF+YpCrAU9nK0UgICYPT0QtT1NZWFv4s++TNkcgVaT0g6+4R2uI4MjQjzysHB1zxuWL50hzaeXiw==
  dependencies:
    mime-db "1.52.0"

node-fetch@^2.6.1:
  version "2.7.0"
  resolved "https://registry.npmjs.org/node-fetch/-/node-fetch-2.7.0.tgz"
  integrity sha512-c4FRfUm/dbcWZ7U+1Wq0AwCyFL+3nt2bEw05wfxSz+DWpWsitgmSgYmy2dQdWyKC1694ELPqMs/YzUSNozLt8A==
  dependencies:
    whatwg-url "^5.0.0"

numeral@^2.0.6:
  version "2.0.6"
  resolved "https://registry.npmjs.org/numeral/-/numeral-2.0.6.tgz"
  integrity sha512-qaKRmtYPZ5qdw4jWJD6bxEf1FJEqllJrwxCLIm0sQU/A7v2/czigzOb+C2uSiFsa9lBUzeH7M1oK+Q+OLxL3kA==

proxy-from-env@^1.1.0:
  version "1.1.0"
  resolved "https://registry.npmjs.org/proxy-from-env/-/proxy-from-env-1.1.0.tgz"
  integrity sha512-D+zkORCbA9f1tdWRK0RaCR3GPv50cMxcrz4X8k5LTSUD1Dkw47mKJEZQNunItRTkWwgtaUSo1RVFRIG9ZXiFYg==

symbol.inspect@1.0.1:
  version "1.0.1"
  resolved "https://registry.npmjs.org/symbol.inspect/-/symbol.inspect-1.0.1.tgz"
  integrity sha512-YQSL4duoHmLhsTD1Pw8RW6TZ5MaTX5rXJnqacJottr2P2LZBF/Yvrc3ku4NUpMOm8aM0KOCqM+UAkMA5HWQCzQ==

teslabot@^1.3.0:
  version "1.5.0"
  resolved "https://registry.npmjs.org/teslabot/-/teslabot-1.5.0.tgz"
  integrity sha512-e2MmELhCgrgZEGo7PQu/6bmYG36IDH+YrBI1iGm6jovXkeDIGa3pZ2WSqRjzkuw2vt1EqfkZoV5GpXgqL8QJVg==

tiny-invariant@^1.3.1:
  version "1.3.3"
  resolved "https://registry.npmjs.org/tiny-invariant/-/tiny-invariant-1.3.3.tgz"
  integrity sha512-+FbBPE1o9QAYvviau/qC5SE3caw21q3xkvWKBtja5vgqOWIHHJ3ioaq1VPfn/Szqctz2bU/oYeKd9/z5BL+PVg==

tiny-warning@^1.0.3:
  version "1.0.3"
  resolved "https://registry.npmjs.org/tiny-warning/-/tiny-warning-1.0.3.tgz"
  integrity sha512-lBN9zLN/oAf68o3zNXYrdCt1kP8WsiGW8Oo2ka41b2IM5JL/S1CTyX1rW0mb/zSuJun0ZUrDxx4sqvYS2FWzPA==

toformat@^2.0.0:
  version "2.0.0"
  resolved "https://registry.npmjs.org/toformat/-/toformat-2.0.0.tgz"
  integrity sha512-03SWBVop6nU8bpyZCx7SodpYznbZF5R4ljwNLBcTQzKOD9xuihRo/psX58llS1BMFhhAI08H3luot5GoXJz2pQ==

tonapi-sdk-js@^1.0.11:
  version "1.1.2"
  resolved "https://registry.npmjs.org/tonapi-sdk-js/-/tonapi-sdk-js-1.1.2.tgz"
  integrity sha512-jWnT0u5S9knGvKY0ZyQSyXxYoE8mDOzanBgzvpzWVF5IKiWSJyZZbIqXNT+gQshqwOwPWMaBzfPEYn32mHazJQ==

tr46@~0.0.3:
  version "0.0.3"
  resolved "https://registry.npmjs.org/tr46/-/tr46-0.0.3.tgz"
  integrity sha512-N3WMsuqV66lT30CrXNbEjx4GEwlow3v6rr4mCcv6prnfwhS01rkgyFdjPNBYd9br7LpXV1+Emh01fHnq2Gdgrw==

tweetnacl@1.0.3:
  version "1.0.3"
  resolved "https://registry.npmjs.org/tweetnacl/-/tweetnacl-1.0.3.tgz"
  integrity sha512-6rt+RN7aOi1nGMyC4Xa5DdYiukl2UWCbcJft7YhxReBGQD7OAM8Pbxw6YMo4r2diNEA8FEmu32YOn9rhaiE5yw==

webidl-conversions@^3.0.0:
  version "3.0.1"
  resolved "https://registry.npmjs.org/webidl-conversions/-/webidl-conversions-3.0.1.tgz"
  integrity sha512-2JAn3z8AR6rjK8Sm8orRC0h/bcl/DqL7tRPdGZ4I1CjdF+EaMLmYxBHyXuKL849eucPFhvBoxMsflfOb8kxaeQ==

whatwg-fetch@^3.4.1:
  version "3.6.20"
  resolved "https://registry.npmjs.org/whatwg-fetch/-/whatwg-fetch-3.6.20.tgz"
  integrity sha512-EqhiFU6daOA8kpjOWTL0olhVOF3i7OrFzSYiGsEMB8GcXS+RrzauAERX65xMeNWVqxA6HXH2m69Z9LaKKdisfg==

whatwg-url@^5.0.0:
  version "5.0.0"
  resolved "https://registry.npmjs.org/whatwg-url/-/whatwg-url-5.0.0.tgz"
  integrity sha512-saE57nupxk6v3HY35+jzBwYa0rKSy0XR8JSxZPwgLr7ys0IBzhGviA1/TUGJLmSVqs8pb9AnvICXEuOHLprYTw==
  dependencies:
    tr46 "~0.0.3"
    webidl-conversions "^3.0.0"

zod@^3.21.4:
  version "3.24.1"
  resolved "https://registry.npmjs.org/zod/-/zod-3.24.1.tgz"
  integrity sha512-muH7gBL9sI1nciMZV67X5fTKKBLtwpZ5VBp1vsOQzj1MhrBZ4wlVCm3gedKZWLp0Oyel8sIGfeiz54Su+OVT+A==
